
Microsoft Visual Studio Solution File, Format Version 12.00
# Visual Studio Version 16
VisualStudioVersion = 16.0.30621.155
MinimumVisualStudioVersion = 10.0.40219.1
Project("{FAE04EC0-301F-11D3-BF4B-00C04F79EFBC}") = "TP2_Desa_app", "TP2_Desa_app\TP2_Desa_app.csproj", "{4768FFF7-01FB-465E-88BC-BBA73A229019}"
EndProject
Global
	GlobalSection(SolutionConfigurationPlatforms) = preSolution
		Debug|Any CPU = Debug|Any CPU
		Release|Any CPU = Release|Any CPU
	EndGlobalSection
	GlobalSection(ProjectConfigurationPlatforms) = postSolution
		{4768FFF7-01FB-465E-88BC-BBA73A229019}.Debug|Any CPU.ActiveCfg = Debug|Any CPU
		{4768FFF7-01FB-465E-88BC-BBA73A229019}.Debug|Any CPU.Build.0 = Debug|Any CPU
		{4768FFF7-01FB-465E-88BC-BBA73A229019}.Release|Any CPU.ActiveCfg = Release|Any CPU
		{4768FFF7-01FB-465E-88BC-BBA73A229019}.Release|Any CPU.Build.0 = Release|Any CPU
	EndGlobalSection
	GlobalSection(SolutionProperties) = preSolution
		HideSolutionNode = FALSE
	EndGlobalSection
	GlobalSection(ExtensibilityGlobals) = postSolution
		SolutionGuid = {C4D4E63C-4738-4A2F-89C4-79AE9C5B80A2}
	EndGlobalSection
EndGlobal
